
Microsoft Visual Studio Solution File, Format Version 12.00
# Visual Studio Version 17
VisualStudioVersion = 17.5.33530.505
MinimumVisualStudioVersion = 10.0.40219.1
Project("{9A19103F-16F7-4668-BE54-9A1E7A4F7556}") = "Ejemplo", "Ejemplo\Ejemplo.csproj", "{F42D277A-D805-4E3C-9E58-C339DCE2C6CA}"
EndProject
Global
	GlobalSection(SolutionConfigurationPlatforms) = preSolution
		Debug|Any CPU = Debug|Any CPU
		Release|Any CPU = Release|Any CPU
	EndGlobalSection
	GlobalSection(ProjectConfigurationPlatforms) = postSolution
		{F42D277A-D805-4E3C-9E58-C339DCE2C6CA}.Debug|Any CPU.ActiveCfg = Debug|Any CPU
		{F42D277A-D805-4E3C-9E58-C339DCE2C6CA}.Debug|Any CPU.Build.0 = Debug|Any CPU
		{F42D277A-D805-4E3C-9E58-C339DCE2C6CA}.Release|Any CPU.ActiveCfg = Release|Any CPU
		{F42D277A-D805-4E3C-9E58-C339DCE2C6CA}.Release|Any CPU.Build.0 = Release|Any CPU
	EndGlobalSection
	GlobalSection(SolutionProperties) = preSolution
		HideSolutionNode = FALSE
	EndGlobalSection
	GlobalSection(ExtensibilityGlobals) = postSolution
		SolutionGuid = {8145B783-06E8-4DBB-BECA-15DC6AB79DB3}
	EndGlobalSection
EndGlobal
